// !$*UTF8*$!
{
	archiveVersion = 1;
	classes = {
	};
	objectVersion = 46;
	objects = {

/* Begin PBXBuildFile section */
		2008D8E41D363DBD00E38465 /* main.m in Sources */ = {isa = PBXBuildFile; fileRef = 2008D8E31D363DBD00E38465 /* main.m */; };
		2008D8E71D363DBD00E38465 /* AppDelegate.m in Sources */ = {isa = PBXBuildFile; fileRef = 2008D8E61D363DBD00E38465 /* AppDelegate.m */; };
		2008D8EA1D363DBD00E38465 /* ViewController.m in Sources */ = {isa = PBXBuildFile; fileRef = 2008D8E91D363DBD00E38465 /* ViewController.m */; };
		2008D8ED1D363DBD00E38465 /* Main.storyboard in Resources */ = {isa = PBXBuildFile; fileRef = 2008D8EB1D363DBD00E38465 /* Main.storyboard */; };
		2008D8EF1D363DBD00E38465 /* Assets.xcassets in Resources */ = {isa = PBXBuildFile; fileRef = 2008D8EE1D363DBD00E38465 /* Assets.xcassets */; };
		2008D8F21D363DBD00E38465 /* LaunchScreen.storyboard in Resources */ = {isa = PBXBuildFile; fileRef = 2008D8F01D363DBD00E38465 /* LaunchScreen.storyboard */; };
		2008D8FB1D363FC400E38465 /* 22.jpg in Resources */ = {isa = PBXBuildFile; fileRef = 2008D8F91D363FC400E38465 /* 22.jpg */; };
		2008D8FC1D363FC400E38465 /* 11.png in Resources */ = {isa = PBXBuildFile; fileRef = 2008D8FA1D363FC400E38465 /* 11.png */; };
		2008D8FF1D3645F500E38465 /* UpLoadData.m in Sources */ = {isa = PBXBuildFile; fileRef = 2008D8FE1D3645F500E38465 /* UpLoadData.m */; };
/* End PBXBuildFile section */

/* Begin PBXFileReference section */
		2008D8DF1D363DBD00E38465 /* 单文件和多文件上传代码封装.app */ = {isa = PBXFileReference; explicitFileType = wrapper.application; includeInIndex = 0; path = "单文件和多文件上传代码封装.app"; sourceTree = BUILT_PRODUCTS_DIR; };
		2008D8E31D363DBD00E38465 /* main.m */ = {isa = PBXFileReference; lastKnownFileType = sourcecode.c.objc; path = main.m; sourceTree = "<group>"; };
		2008D8E51D363DBD00E38465 /* AppDelegate.h */ = {isa = PBXFileReference; lastKnownFileType = sourcecode.c.h; path = AppDelegate.h; sourceTree = "<group>"; };
		2008D8E61D363DBD00E38465 /* AppDelegate.m */ = {isa = PBXFileReference; lastKnownFileType = sourcecode.c.objc; path = AppDelegate.m; sourceTree = "<group>"; };
		2008D8E81D363DBD00E38465 /* ViewController.h */ = {isa = PBXFileReference; lastKnownFileType = sourcecode.c.h; path = ViewController.h; sourceTree = "<group>"; };
		2008D8E91D363DBD00E38465 /* ViewController.m */ = {isa = PBXFileReference; lastKnownFileType = sourcecode.c.objc; path = ViewController.m; sourceTree = "<group>"; };
		2008D8EC1D363DBD00E38465 /* Base */ = {isa = PBXFileReference; lastKnownFileType = file.storyboard; name = Base; path = Base.lproj/Main.storyboard; sourceTree = "<group>"; };
		2008D8EE1D363DBD00E38465 /* Assets.xcassets */ = {isa = PBXFileReference; lastKnownFileType = folder.assetcatalog; path = Assets.xcassets; sourceTree = "<group>"; };
		2008D8F11D363DBD00E38465 /* Base */ = {isa = PBXFileReference; lastKnownFileType = file.storyboard; name = Base; path = Base.lproj/LaunchScreen.storyboard; sourceTree = "<group>"; };
		2008D8F31D363DBD00E38465 /* Info.plist */ = {isa = PBXFileReference; lastKnownFileType = text.plist.xml; path = Info.plist; sourceTree = "<group>"; };
		2008D8F91D363FC400E38465 /* 22.jpg */ = {isa = PBXFileReference; lastKnownFileType = image.jpeg; path = 22.jpg; sourceTree = "<group>"; };
		2008D8FA1D363FC400E38465 /* 11.png */ = {isa = PBXFileReference; lastKnownFileType = image.png; path = 11.png; sourceTree = "<group>"; };
		2008D8FD1D3645F500E38465 /* UpLoadData.h */ = {isa = PBXFileReference; fileEncoding = 4; lastKnownFileType = sourcecode.c.h; path = UpLoadData.h; sourceTree = "<group>"; };
		2008D8FE1D3645F500E38465 /* UpLoadData.m */ = {isa = PBXFileReference; fileEncoding = 4; lastKnownFileType = sourcecode.c.objc; path = UpLoadData.m; sourceTree = "<group>"; };
/* End PBXFileReference section */

/* Begin PBXFrameworksBuildPhase section */
		2008D8DC1D363DBD00E38465 /* Frameworks */ = {
			isa = PBXFrameworksBuildPhase;
			buildActionMask = 2147483647;
			files = (
			);
			runOnlyForDeploymentPostprocessing = 0;
		};
/* End PBXFrameworksBuildPhase section */

/* Begin PBXGroup section */
		2008D8D61D363DBD00E38465 = {
			isa = PBXGroup;
			children = (
				2008D8E11D363DBD00E38465 /* 单文件和多文件上传代码封装 */,
				2008D8E01D363DBD00E38465 /* Products */,
			);
			sourceTree = "<group>";
		};
		2008D8E01D363DBD00E38465 /* Products */ = {
			isa = PBXGroup;
			children = (
				2008D8DF1D363DBD00E38465 /* 单文件和多文件上传代码封装.app */,
			);
			name = Products;
			sourceTree = "<group>";
		};
		2008D8E11D363DBD00E38465 /* 单文件和多文件上传代码封装 */ = {
			isa = PBXGroup;
			children = (
				2008D8E51D363DBD00E38465 /* AppDelegate.h */,
				2008D8E61D363DBD00E38465 /* AppDelegate.m */,
				2008D8E81D363DBD00E38465 /* ViewController.h */,
				2008D8E91D363DBD00E38465 /* ViewController.m */,
				2008D8FD1D3645F500E38465 /* UpLoadData.h */,
				2008D8FE1D3645F500E38465 /* UpLoadData.m */,
				2008D8EB1D363DBD00E38465 /* Main.storyboard */,
				2008D8EE1D363DBD00E38465 /* Assets.xcassets */,
				2008D8F01D363DBD00E38465 /* LaunchScreen.storyboard */,
				2008D8F31D363DBD00E38465 /* Info.plist */,
				2008D8F91D363FC400E38465 /* 22.jpg */,
				2008D8FA1D363FC400E38465 /* 11.png */,
				2008D8E21D363DBD00E38465 /* Supporting Files */,
			);
			path = "单文件和多文件上传代码封装";
			sourceTree = "<group>";
		};
		2008D8E21D363DBD00E38465 /* Supporting Files */ = {
			isa = PBXGroup;
			children = (
				2008D8E31D363DBD00E38465 /* main.m */,
			);
			name = "Supporting Files";
			sourceTree = "<group>";
		};
/* End PBXGroup section */

/* Begin PBXNativeTarget section */
		2008D8DE1D363DBD00E38465 /* 单文件和多文件上传代码封装 */ = {
			isa = PBXNativeTarget;
			buildConfigurationList = 2008D8F61D363DBD00E38465 /* Build configuration list for PBXNativeTarget "单文件和多文件上传代码封装" */;
			buildPhases = (
				2008D8DB1D363DBD00E38465 /* Sources */,
				2008D8DC1D363DBD00E38465 /* Frameworks */,
				2008D8DD1D363DBD00E38465 /* Resources */,
			);
			buildRules = (
			);
			dependencies = (
			);
			name = "单文件和多文件上传代码封装";
			productName = "单文件和多文件上传代码封装";
			productReference = 2008D8DF1D363DBD00E38465 /* 单文件和多文件上传代码封装.app */;
			productType = "com.apple.product-type.application";
		};
/* End PBXNativeTarget section */

/* Begin PBXProject section */
		2008D8D71D363DBD00E38465 /* Project object */ = {
			isa = PBXProject;
			attributes = {
				LastUpgradeCheck = 0710;
				ORGANIZATIONNAME = "王帅龙";
				TargetAttributes = {
					2008D8DE1D363DBD00E38465 = {
						CreatedOnToolsVersion = 7.1;
					};
				};
			};
			buildConfigurationList = 2008D8DA1D363DBD00E38465 /* Build configuration list for PBXProject "单文件和多文件上传代码封装" */;
			compatibilityVersion = "Xcode 3.2";
			developmentRegion = English;
			hasScannedForEncodings = 0;
			knownRegions = (
				en,
				Base,
			);
			mainGroup = 2008D8D61D363DBD00E38465;
			productRefGroup = 2008D8E01D363DBD00E38465 /* Products */;
			projectDirPath = "";
			projectRoot = "";
			targets = (
				2008D8DE1D363DBD00E38465 /* 单文件和多文件上传代码封装 */,
			);
		};
/* End PBXProject section */

/* Begin PBXResourcesBuildPhase section */
		2008D8DD1D363DBD00E38465 /* Resources */ = {
			isa = PBXResourcesBuildPhase;
			buildActionMask = 2147483647;
			files = (
				2008D8F21D363DBD00E38465 /* LaunchScreen.storyboard in Resources */,
				2008D8EF1D363DBD00E38465 /* Assets.xcassets in Resources */,
				2008D8FB1D363FC400E38465 /* 22.jpg in Resources */,
				2008D8ED1D363DBD00E38465 /* Main.storyboard in Resources */,
				2008D8FC1D363FC400E38465 /* 11.png in Resources */,
			);
			runOnlyForDeploymentPostprocessing = 0;
		};
/* End PBXResourcesBuildPhase section */

/* Begin PBXSourcesBuildPhase section */
		2008D8DB1D363DBD00E38465 /* Sources */ = {
			isa = PBXSourcesBuildPhase;
			buildActionMask = 2147483647;
			files = (
				2008D8EA1D363DBD00E38465 /* ViewController.m in Sources */,
				2008D8E71D363DBD00E38465 /* AppDelegate.m in Sources */,
				2008D8FF1D3645F500E38465 /* UpLoadData.m in Sources */,
				2008D8E41D363DBD00E38465 /* main.m in Sources */,
			);
			runOnlyForDeploymentPostprocessing = 0;
		};
/* End PBXSourcesBuildPhase section */

/* Begin PBXVariantGroup section */
		2008D8EB1D363DBD00E38465 /* Main.storyboard */ = {
			isa = PBXVariantGroup;
			children = (
				2008D8EC1D363DBD00E38465 /* Base */,
			);
			name = Main.storyboard;
			sourceTree = "<group>";
		};
		2008D8F01D363DBD00E38465 /* LaunchScreen.storyboard */ = {
			isa = PBXVariantGroup;
			children = (
				2008D8F11D363DBD00E38465 /* Base */,
			);
			name = LaunchScreen.storyboard;
			sourceTree = "<group>";
		};
/* End PBXVariantGroup section */

/* Begin XCBuildConfiguration section */
		2008D8F41D363DBD00E38465 /* Debug */ = {
			isa = XCBuildConfiguration;
			buildSettings = {
				ALWAYS_SEARCH_USER_PATHS = NO;
				CLANG_CXX_LANGUAGE_STANDARD = "gnu++0x";
				CLANG_CXX_LIBRARY = "libc++";
				CLANG_ENABLE_MODULES = YES;
				CLANG_ENABLE_OBJC_ARC = YES;
				CLANG_WARN_BOOL_CONVERSION = YES;
				CLANG_WARN_CONSTANT_CONVERSION = YES;
				CLANG_WARN_DIRECT_OBJC_ISA_USAGE = YES_ERROR;
				CLANG_WARN_EMPTY_BODY = YES;
				CLANG_WARN_ENUM_CONVERSION = YES;
				CLANG_WARN_INT_CONVERSION = YES;
				CLANG_WARN_OBJC_ROOT_CLASS = YES_ERROR;
				CLANG_WARN_UNREACHABLE_CODE = YES;
				CLANG_WARN__DUPLICATE_METHOD_MATCH = YES;
				"CODE_SIGN_IDENTITY[sdk=iphoneos*]" = "iPhone Developer";
				COPY_PHASE_STRIP = NO;
				DEBUG_INFORMATION_FORMAT = dwarf;
				ENABLE_STRICT_OBJC_MSGSEND = YES;
				ENABLE_TESTABILITY = YES;
				GCC_C_LANGUAGE_STANDARD = gnu99;
				GCC_DYNAMIC_NO_PIC = NO;
				GCC_NO_COMMON_BLOCKS = YES;
				GCC_OPTIMIZATION_LEVEL = 0;
				GCC_PREPROCESSOR_DEFINITIONS = (
					"DEBUG=1",
					"$(inherited)",
				);
				GCC_WARN_64_TO_32_BIT_CONVERSION = YES;
				GCC_WARN_ABOUT_RETURN_TYPE = YES_ERROR;
				GCC_WARN_UNDECLARED_SELECTOR = YES;
				GCC_WARN_UNINITIALIZED_AUTOS = YES_AGGRESSIVE;
				GCC_WARN_UNUSED_FUNCTION = YES;
				GCC_WARN_UNUSED_VARIABLE = YES;
				IPHONEOS_DEPLOYMENT_TARGET = 9.1;
				MTL_ENABLE_DEBUG_INFO = YES;
				ONLY_ACTIVE_ARCH = YES;
				SDKROOT = iphoneos;
			};
			name = Debug;
		};
		2008D8F51D363DBD00E38465 /* Release */ = {
			isa = XCBuildConfiguration;
			buildSettings = {
				ALWAYS_SEARCH_USER_PATHS = NO;
				CLANG_CXX_LANGUAGE_STANDARD = "gnu++0x";
				CLANG_CXX_LIBRARY = "libc++";
				CLANG_ENABLE_MODULES = YES;
				CLANG_ENABLE_OBJC_ARC = YES;
				CLANG_WARN_BOOL_CONVERSION = YES;
				CLANG_WARN_CONSTANT_CONVERSION = YES;
				CLANG_WARN_DIRECT_OBJC_ISA_USAGE = YES_ERROR;
				CLANG_WARN_EMPTY_BODY = YES;
				CLANG_WARN_ENUM_CONVERSION = YES;
				CLANG_WARN_INT_CONVERSION = YES;
				CLANG_WARN_OBJC_ROOT_CLASS = YES_ERROR;
				CLANG_WARN_UNREACHABLE_CODE = YES;
				CLANG_WARN__DUPLICATE_METHOD_MATCH = YES;
				"CODE_SIGN_IDENTITY[sdk=iphoneos*]" = "iPhone Developer";
				COPY_PHASE_STRIP = NO;
				DEBUG_INFORMATION_FORMAT = "dwarf-with-dsym";
				ENABLE_NS_ASSERTIONS = NO;
				ENABLE_STRICT_OBJC_MSGSEND = YES;
				GCC_C_LANGUAGE_STANDARD = gnu99;
				GCC_NO_COMMON_BLOCKS = YES;
				GCC_WARN_64_TO_32_BIT_CONVERSION = YES;
				GCC_WARN_ABOUT_RETURN_TYPE = YES_ERROR;
				GCC_WARN_UNDECLARED_SELECTOR = YES;
				GCC_WARN_UNINITIALIZED_AUTOS = YES_AGGRESSIVE;
				GCC_WARN_UNUSED_FUNCTION = YES;
				GCC_WARN_UNUSED_VARIABLE = YES;
				IPHONEOS_DEPLOYMENT_TARGET = 9.1;
				MTL_ENABLE_DEBUG_INFO = NO;
				SDKROOT = iphoneos;
				VALIDATE_PRODUCT = YES;
			};
			name = Release;
		};
		2008D8F71D363DBD00E38465 /* Debug */ = {
			isa = XCBuildConfiguration;
			buildSettings = {
				ASSETCATALOG_COMPILER_APPICON_NAME = AppIcon;
				INFOPLIST_FILE = "单文件和多文件上传代码封装/Info.plist";
				LD_RUNPATH_SEARCH_PATHS = "$(inherited) @executable_path/Frameworks";
				PRODUCT_BUNDLE_IDENTIFIER = "cn.it.-------------";
				PRODUCT_NAME = "$(TARGET_NAME)";
			};
			name = Debug;
		};
		2008D8F81D363DBD00E38465 /* Release */ = {
			isa = XCBuildConfiguration;
			buildSettings = {
				ASSETCATALOG_COMPILER_APPICON_NAME = AppIcon;
				INFOPLIST_FILE = "单文件和多文件上传代码封装/Info.plist";
				LD_RUNPATH_SEARCH_PATHS = "$(inherited) @executable_path/Frameworks";
				PRODUCT_BUNDLE_IDENTIFIER = "cn.it.-------------";
				PRODUCT_NAME = "$(TARGET_NAME)";
			};
			name = Release;
		};
/* End XCBuildConfiguration section */

/* Begin XCConfigurationList section */
		2008D8DA1D363DBD00E38465 /* Build configuration list for PBXProject "单文件和多文件上传代码封装" */ = {
			isa = XCConfigurationList;
			buildConfigurations = (
				2008D8F41D363DBD00E38465 /* Debug */,
				2008D8F51D363DBD00E38465 /* Release */,
			);
			defaultConfigurationIsVisible = 0;
			defaultConfigurationName = Release;
		};
		2008D8F61D363DBD00E38465 /* Build configuration list for PBXNativeTarget "单文件和多文件上传代码封装" */ = {
			isa = XCConfigurationList;
			buildConfigurations = (
				2008D8F71D363DBD00E38465 /* Debug */,
				2008D8F81D363DBD00E38465 /* Release */,
			);
			defaultConfigurationIsVisible = 0;
		};
/* End XCConfigurationList section */
	};
	rootObject = 2008D8D71D363DBD00E38465 /* Project object */;
}
